// !$*UTF8*$!
{
	archiveVersion = 1;
	classes = {
	};
	objectVersion = 55;
	objects = {

/* Begin PBXBuildFile section */
		7004E05528F6DAB800B8970B /* FavouriteButton.swift in Sources */ = {isa = PBXBuildFile; fileRef = 7004E05428F6DAB800B8970B /* FavouriteButton.swift */; };
		7004E05928F6E73000B8970B /* HexagonParameters.swift in Sources */ = {isa = PBXBuildFile; fileRef = 7004E05828F6E73000B8970B /* HexagonParameters.swift */; };
		7004E05B28F6E8BE00B8970B /* BadgeBackground.swift in Sources */ = {isa = PBXBuildFile; fileRef = 7004E05A28F6E8BE00B8970B /* BadgeBackground.swift */; };
		7004E05D28F73ADA00B8970B /* BadgeSymbol.swift in Sources */ = {isa = PBXBuildFile; fileRef = 7004E05C28F73ADA00B8970B /* BadgeSymbol.swift */; };
		7004E05F28F73C7C00B8970B /* RotatedBadgeSymbol.swift in Sources */ = {isa = PBXBuildFile; fileRef = 7004E05E28F73C7C00B8970B /* RotatedBadgeSymbol.swift */; };
		7004E06128F73CCD00B8970B /* Badge.swift in Sources */ = {isa = PBXBuildFile; fileRef = 7004E06028F73CCD00B8970B /* Badge.swift */; };
		7004E06428F7401800B8970B /* hikeData.json in Resources */ = {isa = PBXBuildFile; fileRef = 7004E06328F7401800B8970B /* hikeData.json */; };
		7004E06728F7405500B8970B /* Hike.swift in Sources */ = {isa = PBXBuildFile; fileRef = 7004E06628F7405500B8970B /* Hike.swift */; };
		7004E06D28F75AD700B8970B /* GraphCapsule.swift in Sources */ = {isa = PBXBuildFile; fileRef = 7004E06928F75AD700B8970B /* GraphCapsule.swift */; };
		7004E06E28F75AD700B8970B /* HikeGraph.swift in Sources */ = {isa = PBXBuildFile; fileRef = 7004E06A28F75AD700B8970B /* HikeGraph.swift */; };
		7004E06F28F75AD700B8970B /* HikeDetail.swift in Sources */ = {isa = PBXBuildFile; fileRef = 7004E06B28F75AD700B8970B /* HikeDetail.swift */; };
		7004E07028F75AD700B8970B /* HikeView.swift in Sources */ = {isa = PBXBuildFile; fileRef = 7004E06C28F75AD700B8970B /* HikeView.swift */; };
		70124A4E290567170044C254 /* CategoryRow.swift in Sources */ = {isa = PBXBuildFile; fileRef = 70124A4D290567170044C254 /* CategoryRow.swift */; };
		70124A5029057B690044C254 /* CategoryItem.swift in Sources */ = {isa = PBXBuildFile; fileRef = 70124A4F29057B690044C254 /* CategoryItem.swift */; };
		704A9C7428F60EB000C59B63 /* LandmarksApp.swift in Sources */ = {isa = PBXBuildFile; fileRef = 704A9C7328F60EB000C59B63 /* LandmarksApp.swift */; };
		704A9C7628F60EB000C59B63 /* ContentView.swift in Sources */ = {isa = PBXBuildFile; fileRef = 704A9C7528F60EB000C59B63 /* ContentView.swift */; };
		704A9C7828F60EB100C59B63 /* Assets.xcassets in Resources */ = {isa = PBXBuildFile; fileRef = 704A9C7728F60EB100C59B63 /* Assets.xcassets */; };
		704A9C7B28F60EB100C59B63 /* Preview Assets.xcassets in Resources */ = {isa = PBXBuildFile; fileRef = 704A9C7A28F60EB100C59B63 /* Preview Assets.xcassets */; };
		704A9C8228F6150C00C59B63 /* CustomImage.swift in Sources */ = {isa = PBXBuildFile; fileRef = 704A9C8128F6150C00C59B63 /* CustomImage.swift */; };
		704A9C8428F6190C00C59B63 /* MapView.swift in Sources */ = {isa = PBXBuildFile; fileRef = 704A9C8328F6190C00C59B63 /* MapView.swift */; };
		7050CA0128F6787A00168945 /* landmarkData.json in Resources */ = {isa = PBXBuildFile; fileRef = 7050CA0028F6787A00168945 /* landmarkData.json */; };
		7050CA0328F679EE00168945 /* Landmark.swift in Sources */ = {isa = PBXBuildFile; fileRef = 7050CA0228F679EE00168945 /* Landmark.swift */; };
		7050CA0528F680D400168945 /* ModelData.swift in Sources */ = {isa = PBXBuildFile; fileRef = 7050CA0428F680D400168945 /* ModelData.swift */; };
		7050CA0A28F6851300168945 /* LandmarkRowView.swift in Sources */ = {isa = PBXBuildFile; fileRef = 7050CA0928F6851300168945 /* LandmarkRowView.swift */; };
		7050CA0C28F69ABB00168945 /* LandmarksListView.swift in Sources */ = {isa = PBXBuildFile; fileRef = 7050CA0B28F69ABB00168945 /* LandmarksListView.swift */; };
		7050CA0E28F69CA800168945 /* LandmarkDetailView.swift in Sources */ = {isa = PBXBuildFile; fileRef = 7050CA0D28F69CA800168945 /* LandmarkDetailView.swift */; };
		7087E2F82905123F0097C7CB /* CategoryHome.swift in Sources */ = {isa = PBXBuildFile; fileRef = 7087E2F72905123F0097C7CB /* CategoryHome.swift */; };
/* End PBXBuildFile section */

/* Begin PBXFileReference section */
		7004E05428F6DAB800B8970B /* FavouriteButton.swift */ = {isa = PBXFileReference; lastKnownFileType = sourcecode.swift; path = FavouriteButton.swift; sourceTree = "<group>"; };
		7004E05828F6E73000B8970B /* HexagonParameters.swift */ = {isa = PBXFileReference; lastKnownFileType = sourcecode.swift; path = HexagonParameters.swift; sourceTree = "<group>"; };
		7004E05A28F6E8BE00B8970B /* BadgeBackground.swift */ = {isa = PBXFileReference; lastKnownFileType = sourcecode.swift; path = BadgeBackground.swift; sourceTree = "<group>"; };
		7004E05C28F73ADA00B8970B /* BadgeSymbol.swift */ = {isa = PBXFileReference; lastKnownFileType = sourcecode.swift; path = BadgeSymbol.swift; sourceTree = "<group>"; };
		7004E05E28F73C7C00B8970B /* RotatedBadgeSymbol.swift */ = {isa = PBXFileReference; lastKnownFileType = sourcecode.swift; path = RotatedBadgeSymbol.swift; sourceTree = "<group>"; };
		7004E06028F73CCD00B8970B /* Badge.swift */ = {isa = PBXFileReference; lastKnownFileType = sourcecode.swift; path = Badge.swift; sourceTree = "<group>"; };
		7004E06328F7401800B8970B /* hikeData.json */ = {isa = PBXFileReference; fileEncoding = 4; lastKnownFileType = text.json; path = hikeData.json; sourceTree = "<group>"; };
		7004E06628F7405500B8970B /* Hike.swift */ = {isa = PBXFileReference; lastKnownFileType = sourcecode.swift; path = Hike.swift; sourceTree = "<group>"; };
		7004E06928F75AD700B8970B /* GraphCapsule.swift */ = {isa = PBXFileReference; fileEncoding = 4; lastKnownFileType = sourcecode.swift; path = GraphCapsule.swift; sourceTree = "<group>"; };
		7004E06A28F75AD700B8970B /* HikeGraph.swift */ = {isa = PBXFileReference; fileEncoding = 4; lastKnownFileType = sourcecode.swift; path = HikeGraph.swift; sourceTree = "<group>"; };
		7004E06B28F75AD700B8970B /* HikeDetail.swift */ = {isa = PBXFileReference; fileEncoding = 4; lastKnownFileType = sourcecode.swift; path = HikeDetail.swift; sourceTree = "<group>"; };
		7004E06C28F75AD700B8970B /* HikeView.swift */ = {isa = PBXFileReference; fileEncoding = 4; lastKnownFileType = sourcecode.swift; path = HikeView.swift; sourceTree = "<group>"; };
		70124A4D290567170044C254 /* CategoryRow.swift */ = {isa = PBXFileReference; lastKnownFileType = sourcecode.swift; path = CategoryRow.swift; sourceTree = "<group>"; };
		70124A4F29057B690044C254 /* CategoryItem.swift */ = {isa = PBXFileReference; lastKnownFileType = sourcecode.swift; path = CategoryItem.swift; sourceTree = "<group>"; };
		70124A512906773C0044C254 /* README.md */ = {isa = PBXFileReference; lastKnownFileType = net.daringfireball.markdown; path = README.md; sourceTree = "<group>"; };
		70124A55290677B40044C254 /* screenshot-with-phone.png */ = {isa = PBXFileReference; lastKnownFileType = image.png; path = "screenshot-with-phone.png"; sourceTree = "<group>"; };
		70124A56290677B40044C254 /* screenshot-landmark-detail-2.png */ = {isa = PBXFileReference; lastKnownFileType = image.png; path = "screenshot-landmark-detail-2.png"; sourceTree = "<group>"; };
		70124A57290677B40044C254 /* screenshot-page-1.png */ = {isa = PBXFileReference; lastKnownFileType = image.png; path = "screenshot-page-1.png"; sourceTree = "<group>"; };
		70124A58290677B40044C254 /* screenshot-landmark-detail.png */ = {isa = PBXFileReference; lastKnownFileType = image.png; path = "screenshot-landmark-detail.png"; sourceTree = "<group>"; };
		70124A59290677B40044C254 /* screenshot-landmark-list.png */ = {isa = PBXFileReference; lastKnownFileType = image.png; path = "screenshot-landmark-list.png"; sourceTree = "<group>"; };
		70124A5B290677B40044C254 /* Simulator Screen Recording - iPhone 13 Pro Max - 2022-10-24 at 00.47.02.mp4 */ = {isa = PBXFileReference; lastKnownFileType = file; path = "Simulator Screen Recording - iPhone 13 Pro Max - 2022-10-24 at 00.47.02.mp4"; sourceTree = "<group>"; };
		704A9C7028F60EB000C59B63 /* Landmarks.app */ = {isa = PBXFileReference; explicitFileType = wrapper.application; includeInIndex = 0; path = Landmarks.app; sourceTree = BUILT_PRODUCTS_DIR; };
		704A9C7328F60EB000C59B63 /* LandmarksApp.swift */ = {isa = PBXFileReference; lastKnownFileType = sourcecode.swift; path = LandmarksApp.swift; sourceTree = "<group>"; };
		704A9C7528F60EB000C59B63 /* ContentView.swift */ = {isa = PBXFileReference; lastKnownFileType = sourcecode.swift; path = ContentView.swift; sourceTree = "<group>"; };
		704A9C7728F60EB100C59B63 /* Assets.xcassets */ = {isa = PBXFileReference; lastKnownFileType = folder.assetcatalog; path = Assets.xcassets; sourceTree = "<group>"; };
		704A9C7A28F60EB100C59B63 /* Preview Assets.xcassets */ = {isa = PBXFileReference; lastKnownFileType = folder.assetcatalog; path = "Preview Assets.xcassets"; sourceTree = "<group>"; };
		704A9C8128F6150C00C59B63 /* CustomImage.swift */ = {isa = PBXFileReference; lastKnownFileType = sourcecode.swift; path = CustomImage.swift; sourceTree = "<group>"; };
		704A9C8328F6190C00C59B63 /* MapView.swift */ = {isa = PBXFileReference; lastKnownFileType = sourcecode.swift; path = MapView.swift; sourceTree = "<group>"; };
		7050CA0028F6787A00168945 /* landmarkData.json */ = {isa = PBXFileReference; fileEncoding = 4; lastKnownFileType = text.json; path = landmarkData.json; sourceTree = "<group>"; };
		7050CA0228F679EE00168945 /* Landmark.swift */ = {isa = PBXFileReference; lastKnownFileType = sourcecode.swift; path = Landmark.swift; sourceTree = "<group>"; };
		7050CA0428F680D400168945 /* ModelData.swift */ = {isa = PBXFileReference; lastKnownFileType = sourcecode.swift; path = ModelData.swift; sourceTree = "<group>"; };
		7050CA0928F6851300168945 /* LandmarkRowView.swift */ = {isa = PBXFileReference; lastKnownFileType = sourcecode.swift; path = LandmarkRowView.swift; sourceTree = "<group>"; };
		7050CA0B28F69ABB00168945 /* LandmarksListView.swift */ = {isa = PBXFileReference; lastKnownFileType = sourcecode.swift; path = LandmarksListView.swift; sourceTree = "<group>"; };
		7050CA0D28F69CA800168945 /* LandmarkDetailView.swift */ = {isa = PBXFileReference; lastKnownFileType = sourcecode.swift; path = LandmarkDetailView.swift; sourceTree = "<group>"; };
		7087E2F72905123F0097C7CB /* CategoryHome.swift */ = {isa = PBXFileReference; lastKnownFileType = sourcecode.swift; path = CategoryHome.swift; sourceTree = "<group>"; };
/* End PBXFileReference section */

/* Begin PBXFrameworksBuildPhase section */
		704A9C6D28F60EB000C59B63 /* Frameworks */ = {
			isa = PBXFrameworksBuildPhase;
			buildActionMask = 2147483647;
			files = (
			);
			runOnlyForDeploymentPostprocessing = 0;
		};
/* End PBXFrameworksBuildPhase section */

/* Begin PBXGroup section */
		7004E05628F6DCB100B8970B /* Helpers */ = {
			isa = PBXGroup;
			children = (
				704A9C8328F6190C00C59B63 /* MapView.swift */,
				704A9C8128F6150C00C59B63 /* CustomImage.swift */,
				7004E05428F6DAB800B8970B /* FavouriteButton.swift */,
			);
			path = Helpers;
			sourceTree = "<group>";
		};
		7004E05728F6DCB500B8970B /* Landmarks */ = {
			isa = PBXGroup;
			children = (
				7050CA0928F6851300168945 /* LandmarkRowView.swift */,
				7050CA0B28F69ABB00168945 /* LandmarksListView.swift */,
				7050CA0D28F69CA800168945 /* LandmarkDetailView.swift */,
			);
			path = Landmarks;
			sourceTree = "<group>";
		};
		7004E06228F73D5600B8970B /* Badges */ = {
			isa = PBXGroup;
			children = (
				7004E05828F6E73000B8970B /* HexagonParameters.swift */,
				7004E05A28F6E8BE00B8970B /* BadgeBackground.swift */,
				7004E05C28F73ADA00B8970B /* BadgeSymbol.swift */,
				7004E05E28F73C7C00B8970B /* RotatedBadgeSymbol.swift */,
				7004E06028F73CCD00B8970B /* Badge.swift */,
			);
			path = Badges;
			sourceTree = "<group>";
		};
		7004E06828F75AD700B8970B /* Hikes */ = {
			isa = PBXGroup;
			children = (
				7004E06928F75AD700B8970B /* GraphCapsule.swift */,
				7004E06A28F75AD700B8970B /* HikeGraph.swift */,
				7004E06B28F75AD700B8970B /* HikeDetail.swift */,
				7004E06C28F75AD700B8970B /* HikeView.swift */,
			);
			path = Hikes;
			sourceTree = "<group>";
		};
		70124A522906777C0044C254 /* New Group */ = {
			isa = PBXGroup;
			children = (
			);
			path = "New Group";
			sourceTree = "<group>";
		};
		70124A53290677B40044C254 /* readme-assets */ = {
			isa = PBXGroup;
			children = (
				70124A54290677B40044C254 /* images */,
				70124A5A290677B40044C254 /* videos */,
			);
			path = "readme-assets";
			sourceTree = "<group>";
		};
		70124A54290677B40044C254 /* images */ = {
			isa = PBXGroup;
			children = (
				70124A55290677B40044C254 /* screenshot-with-phone.png */,
				70124A56290677B40044C254 /* screenshot-landmark-detail-2.png */,
				70124A57290677B40044C254 /* screenshot-page-1.png */,
				70124A58290677B40044C254 /* screenshot-landmark-detail.png */,
				70124A59290677B40044C254 /* screenshot-landmark-list.png */,
			);
			path = images;
			sourceTree = "<group>";
		};
		70124A5A290677B40044C254 /* videos */ = {
			isa = PBXGroup;
			children = (
				70124A5B290677B40044C254 /* Simulator Screen Recording - iPhone 13 Pro Max - 2022-10-24 at 00.47.02.mp4 */,
			);
			path = videos;
			sourceTree = "<group>";
		};
		704A9C6728F60EB000C59B63 = {
			isa = PBXGroup;
			children = (
				70124A53290677B40044C254 /* readme-assets */,
				70124A522906777C0044C254 /* New Group */,
				70124A512906773C0044C254 /* README.md */,
				704A9C7228F60EB000C59B63 /* Landmarks */,
				704A9C7128F60EB000C59B63 /* Products */,
			);
			sourceTree = "<group>";
		};
		704A9C7128F60EB000C59B63 /* Products */ = {
			isa = PBXGroup;
			children = (
				704A9C7028F60EB000C59B63 /* Landmarks.app */,
			);
			name = Products;
			sourceTree = "<group>";
		};
		704A9C7228F60EB000C59B63 /* Landmarks */ = {
			isa = PBXGroup;
			children = (
				7050CA0828F684CA00168945 /* Resources */,
				7050CA0728F684AE00168945 /* Model */,
				7050CA0628F6848000168945 /* Views */,
				704A9C7328F60EB000C59B63 /* LandmarksApp.swift */,
				704A9C7728F60EB100C59B63 /* Assets.xcassets */,
				704A9C7928F60EB100C59B63 /* Preview Content */,
			);
			path = Landmarks;
			sourceTree = "<group>";
		};
		704A9C7928F60EB100C59B63 /* Preview Content */ = {
			isa = PBXGroup;
			children = (
				704A9C7A28F60EB100C59B63 /* Preview Assets.xcassets */,
			);
			path = "Preview Content";
			sourceTree = "<group>";
		};
		7050CA0628F6848000168945 /* Views */ = {
			isa = PBXGroup;
			children = (
				7087E2F6290512120097C7CB /* Categories */,
				7004E06828F75AD700B8970B /* Hikes */,
				7004E06228F73D5600B8970B /* Badges */,
				704A9C7528F60EB000C59B63 /* ContentView.swift */,
				7004E05728F6DCB500B8970B /* Landmarks */,
				7004E05628F6DCB100B8970B /* Helpers */,
			);
			path = Views;
			sourceTree = "<group>";
		};
		7050CA0728F684AE00168945 /* Model */ = {
			isa = PBXGroup;
			children = (
				7050CA0428F680D400168945 /* ModelData.swift */,
				7050CA0228F679EE00168945 /* Landmark.swift */,
				7004E06628F7405500B8970B /* Hike.swift */,
			);
			path = Model;
			sourceTree = "<group>";
		};
		7050CA0828F684CA00168945 /* Resources */ = {
			isa = PBXGroup;
			children = (
				7050CA0028F6787A00168945 /* landmarkData.json */,
				7004E06328F7401800B8970B /* hikeData.json */,
			);
			path = Resources;
			sourceTree = "<group>";
		};
		7087E2F6290512120097C7CB /* Categories */ = {
			isa = PBXGroup;
			children = (
				7087E2F72905123F0097C7CB /* CategoryHome.swift */,
				70124A4D290567170044C254 /* CategoryRow.swift */,
				70124A4F29057B690044C254 /* CategoryItem.swift */,
			);
			path = Categories;
			sourceTree = "<group>";
		};
/* End PBXGroup section */

/* Begin PBXNativeTarget section */
		704A9C6F28F60EB000C59B63 /* Landmarks */ = {
			isa = PBXNativeTarget;
			buildConfigurationList = 704A9C7E28F60EB100C59B63 /* Build configuration list for PBXNativeTarget "Landmarks" */;
			buildPhases = (
				704A9C6C28F60EB000C59B63 /* Sources */,
				704A9C6D28F60EB000C59B63 /* Frameworks */,
				704A9C6E28F60EB000C59B63 /* Resources */,
			);
			buildRules = (
			);
			dependencies = (
			);
			name = Landmarks;
			productName = Landmarks;
			productReference = 704A9C7028F60EB000C59B63 /* Landmarks.app */;
			productType = "com.apple.product-type.application";
		};
/* End PBXNativeTarget section */

/* Begin PBXProject section */
		704A9C6828F60EB000C59B63 /* Project object */ = {
			isa = PBXProject;
			attributes = {
				BuildIndependentTargetsInParallel = 1;
				LastSwiftUpdateCheck = 1340;
				LastUpgradeCheck = 1340;
				TargetAttributes = {
					704A9C6F28F60EB000C59B63 = {
						CreatedOnToolsVersion = 13.4.1;
					};
				};
			};
			buildConfigurationList = 704A9C6B28F60EB000C59B63 /* Build configuration list for PBXProject "Landmarks" */;
			compatibilityVersion = "Xcode 13.0";
			developmentRegion = en;
			hasScannedForEncodings = 0;
			knownRegions = (
				en,
				Base,
			);
			mainGroup = 704A9C6728F60EB000C59B63;
			productRefGroup = 704A9C7128F60EB000C59B63 /* Products */;
			projectDirPath = "";
			projectRoot = "";
			targets = (
				704A9C6F28F60EB000C59B63 /* Landmarks */,
			);
		};
/* End PBXProject section */

/* Begin PBXResourcesBuildPhase section */
		704A9C6E28F60EB000C59B63 /* Resources */ = {
			isa = PBXResourcesBuildPhase;
			buildActionMask = 2147483647;
			files = (
				7004E06428F7401800B8970B /* hikeData.json in Resources */,
				704A9C7B28F60EB100C59B63 /* Preview Assets.xcassets in Resources */,
				704A9C7828F60EB100C59B63 /* Assets.xcassets in Resources */,
				7050CA0128F6787A00168945 /* landmarkData.json in Resources */,
			);
			runOnlyForDeploymentPostprocessing = 0;
		};
/* End PBXResourcesBuildPhase section */

/* Begin PBXSourcesBuildPhase section */
		704A9C6C28F60EB000C59B63 /* Sources */ = {
			isa = PBXSourcesBuildPhase;
			buildActionMask = 2147483647;
			files = (
				70124A4E290567170044C254 /* CategoryRow.swift in Sources */,
				704A9C7628F60EB000C59B63 /* ContentView.swift in Sources */,
				7004E06E28F75AD700B8970B /* HikeGraph.swift in Sources */,
				7004E06128F73CCD00B8970B /* Badge.swift in Sources */,
				7087E2F82905123F0097C7CB /* CategoryHome.swift in Sources */,
				704A9C8428F6190C00C59B63 /* MapView.swift in Sources */,
				7004E06D28F75AD700B8970B /* GraphCapsule.swift in Sources */,
				7050CA0E28F69CA800168945 /* LandmarkDetailView.swift in Sources */,
				7050CA0A28F6851300168945 /* LandmarkRowView.swift in Sources */,
				70124A5029057B690044C254 /* CategoryItem.swift in Sources */,
				7004E06F28F75AD700B8970B /* HikeDetail.swift in Sources */,
				7004E05928F6E73000B8970B /* HexagonParameters.swift in Sources */,
				7004E06728F7405500B8970B /* Hike.swift in Sources */,
				7004E05F28F73C7C00B8970B /* RotatedBadgeSymbol.swift in Sources */,
				7004E05D28F73ADA00B8970B /* BadgeSymbol.swift in Sources */,
				704A9C7428F60EB000C59B63 /* LandmarksApp.swift in Sources */,
				7004E07028F75AD700B8970B /* HikeView.swift in Sources */,
				7004E05528F6DAB800B8970B /* FavouriteButton.swift in Sources */,
				7004E05B28F6E8BE00B8970B /* BadgeBackground.swift in Sources */,
				704A9C8228F6150C00C59B63 /* CustomImage.swift in Sources */,
				7050CA0328F679EE00168945 /* Landmark.swift in Sources */,
				7050CA0C28F69ABB00168945 /* LandmarksListView.swift in Sources */,
				7050CA0528F680D400168945 /* ModelData.swift in Sources */,
			);
			runOnlyForDeploymentPostprocessing = 0;
		};
/* End PBXSourcesBuildPhase section */

/* Begin XCBuildConfiguration section */
		704A9C7C28F60EB100C59B63 /* Debug */ = {
			isa = XCBuildConfiguration;
			buildSettings = {
				ALWAYS_SEARCH_USER_PATHS = NO;
				CLANG_ANALYZER_NONNULL = YES;
				CLANG_ANALYZER_NUMBER_OBJECT_CONVERSION = YES_AGGRESSIVE;
				CLANG_CXX_LANGUAGE_STANDARD = "gnu++17";
				CLANG_ENABLE_MODULES = YES;
				CLANG_ENABLE_OBJC_ARC = YES;
				CLANG_ENABLE_OBJC_WEAK = YES;
				CLANG_WARN_BLOCK_CAPTURE_AUTORELEASING = YES;
				CLANG_WARN_BOOL_CONVERSION = YES;
				CLANG_WARN_COMMA = YES;
				CLANG_WARN_CONSTANT_CONVERSION = YES;
				CLANG_WARN_DEPRECATED_OBJC_IMPLEMENTATIONS = YES;
				CLANG_WARN_DIRECT_OBJC_ISA_USAGE = YES_ERROR;
				CLANG_WARN_DOCUMENTATION_COMMENTS = YES;
				CLANG_WARN_EMPTY_BODY = YES;
				CLANG_WARN_ENUM_CONVERSION = YES;
				CLANG_WARN_INFINITE_RECURSION = YES;
				CLANG_WARN_INT_CONVERSION = YES;
				CLANG_WARN_NON_LITERAL_NULL_CONVERSION = YES;
				CLANG_WARN_OBJC_IMPLICIT_RETAIN_SELF = YES;
				CLANG_WARN_OBJC_LITERAL_CONVERSION = YES;
				CLANG_WARN_OBJC_ROOT_CLASS = YES_ERROR;
				CLANG_WARN_QUOTED_INCLUDE_IN_FRAMEWORK_HEADER = YES;
				CLANG_WARN_RANGE_LOOP_ANALYSIS = YES;
				CLANG_WARN_STRICT_PROTOTYPES = YES;
				CLANG_WARN_SUSPICIOUS_MOVE = YES;
				CLANG_WARN_UNGUARDED_AVAILABILITY = YES_AGGRESSIVE;
				CLANG_WARN_UNREACHABLE_CODE = YES;
				CLANG_WARN__DUPLICATE_METHOD_MATCH = YES;
				COPY_PHASE_STRIP = NO;
				DEBUG_INFORMATION_FORMAT = dwarf;
				ENABLE_STRICT_OBJC_MSGSEND = YES;
				ENABLE_TESTABILITY = YES;
				GCC_C_LANGUAGE_STANDARD = gnu11;
				GCC_DYNAMIC_NO_PIC = NO;
				GCC_NO_COMMON_BLOCKS = YES;
				GCC_OPTIMIZATION_LEVEL = 0;
				GCC_PREPROCESSOR_DEFINITIONS = (
					"DEBUG=1",
					"$(inherited)",
				);
				GCC_WARN_64_TO_32_BIT_CONVERSION = YES;
				GCC_WARN_ABOUT_RETURN_TYPE = YES_ERROR;
				GCC_WARN_UNDECLARED_SELECTOR = YES;
				GCC_WARN_UNINITIALIZED_AUTOS = YES_AGGRESSIVE;
				GCC_WARN_UNUSED_FUNCTION = YES;
				GCC_WARN_UNUSED_VARIABLE = YES;
				IPHONEOS_DEPLOYMENT_TARGET = 15.5;
				MTL_ENABLE_DEBUG_INFO = INCLUDE_SOURCE;
				MTL_FAST_MATH = YES;
				ONLY_ACTIVE_ARCH = YES;
				SDKROOT = iphoneos;
				SWIFT_ACTIVE_COMPILATION_CONDITIONS = DEBUG;
				SWIFT_OPTIMIZATION_LEVEL = "-Onone";
			};
			name = Debug;
		};
		704A9C7D28F60EB100C59B63 /* Release */ = {
			isa = XCBuildConfiguration;
			buildSettings = {
				ALWAYS_SEARCH_USER_PATHS = NO;
				CLANG_ANALYZER_NONNULL = YES;
				CLANG_ANALYZER_NUMBER_OBJECT_CONVERSION = YES_AGGRESSIVE;
				CLANG_CXX_LANGUAGE_STANDARD = "gnu++17";
				CLANG_ENABLE_MODULES = YES;
				CLANG_ENABLE_OBJC_ARC = YES;
				CLANG_ENABLE_OBJC_WEAK = YES;
				CLANG_WARN_BLOCK_CAPTURE_AUTORELEASING = YES;
				CLANG_WARN_BOOL_CONVERSION = YES;
				CLANG_WARN_COMMA = YES;
				CLANG_WARN_CONSTANT_CONVERSION = YES;
				CLANG_WARN_DEPRECATED_OBJC_IMPLEMENTATIONS = YES;
				CLANG_WARN_DIRECT_OBJC_ISA_USAGE = YES_ERROR;
				CLANG_WARN_DOCUMENTATION_COMMENTS = YES;
				CLANG_WARN_EMPTY_BODY = YES;
				CLANG_WARN_ENUM_CONVERSION = YES;
				CLANG_WARN_INFINITE_RECURSION = YES;
				CLANG_WARN_INT_CONVERSION = YES;
				CLANG_WARN_NON_LITERAL_NULL_CONVERSION = YES;
				CLANG_WARN_OBJC_IMPLICIT_RETAIN_SELF = YES;
				CLANG_WARN_OBJC_LITERAL_CONVERSION = YES;
				CLANG_WARN_OBJC_ROOT_CLASS = YES_ERROR;
				CLANG_WARN_QUOTED_INCLUDE_IN_FRAMEWORK_HEADER = YES;
				CLANG_WARN_RANGE_LOOP_ANALYSIS = YES;
				CLANG_WARN_STRICT_PROTOTYPES = YES;
				CLANG_WARN_SUSPICIOUS_MOVE = YES;
				CLANG_WARN_UNGUARDED_AVAILABILITY = YES_AGGRESSIVE;
				CLANG_WARN_UNREACHABLE_CODE = YES;
				CLANG_WARN__DUPLICATE_METHOD_MATCH = YES;
				COPY_PHASE_STRIP = NO;
				DEBUG_INFORMATION_FORMAT = "dwarf-with-dsym";
				ENABLE_NS_ASSERTIONS = NO;
				ENABLE_STRICT_OBJC_MSGSEND = YES;
				GCC_C_LANGUAGE_STANDARD = gnu11;
				GCC_NO_COMMON_BLOCKS = YES;
				GCC_WARN_64_TO_32_BIT_CONVERSION = YES;
				GCC_WARN_ABOUT_RETURN_TYPE = YES_ERROR;
				GCC_WARN_UNDECLARED_SELECTOR = YES;
				GCC_WARN_UNINITIALIZED_AUTOS = YES_AGGRESSIVE;
				GCC_WARN_UNUSED_FUNCTION = YES;
				GCC_WARN_UNUSED_VARIABLE = YES;
				IPHONEOS_DEPLOYMENT_TARGET = 15.5;
				MTL_ENABLE_DEBUG_INFO = NO;
				MTL_FAST_MATH = YES;
				SDKROOT = iphoneos;
				SWIFT_COMPILATION_MODE = wholemodule;
				SWIFT_OPTIMIZATION_LEVEL = "-O";
				VALIDATE_PRODUCT = YES;
			};
			name = Release;
		};
		704A9C7F28F60EB100C59B63 /* Debug */ = {
			isa = XCBuildConfiguration;
			buildSettings = {
				ASSETCATALOG_COMPILER_APPICON_NAME = AppIcon;
				ASSETCATALOG_COMPILER_GLOBAL_ACCENT_COLOR_NAME = AccentColor;
				CODE_SIGN_STYLE = Automatic;
				CURRENT_PROJECT_VERSION = 1;
				DEVELOPMENT_ASSET_PATHS = "\"Landmarks/Preview Content\"";
				ENABLE_PREVIEWS = YES;
				GENERATE_INFOPLIST_FILE = YES;
				INFOPLIST_KEY_UIApplicationSceneManifest_Generation = YES;
				INFOPLIST_KEY_UIApplicationSupportsIndirectInputEvents = YES;
				INFOPLIST_KEY_UILaunchScreen_Generation = YES;
				INFOPLIST_KEY_UISupportedInterfaceOrientations_iPad = "UIInterfaceOrientationPortrait UIInterfaceOrientationPortraitUpsideDown UIInterfaceOrientationLandscapeLeft UIInterfaceOrientationLandscapeRight";
				INFOPLIST_KEY_UISupportedInterfaceOrientations_iPhone = "UIInterfaceOrientationPortrait UIInterfaceOrientationLandscapeLeft UIInterfaceOrientationLandscapeRight";
				LD_RUNPATH_SEARCH_PATHS = (
					"$(inherited)",
					"@executable_path/Frameworks",
				);
				MARKETING_VERSION = 1.0;
				PRODUCT_BUNDLE_IDENTIFIER = com.atharva.Landmarks;
				PRODUCT_NAME = "$(TARGET_NAME)";
				SWIFT_EMIT_LOC_STRINGS = YES;
				SWIFT_VERSION = 5.0;
				TARGETED_DEVICE_FAMILY = "1,2";
			};
			name = Debug;
		};
		704A9C8028F60EB100C59B63 /* Release */ = {
			isa = XCBuildConfiguration;
			buildSettings = {
				ASSETCATALOG_COMPILER_APPICON_NAME = AppIcon;
				ASSETCATALOG_COMPILER_GLOBAL_ACCENT_COLOR_NAME = AccentColor;
				CODE_SIGN_STYLE = Automatic;
				CURRENT_PROJECT_VERSION = 1;
				DEVELOPMENT_ASSET_PATHS = "\"Landmarks/Preview Content\"";
				ENABLE_PREVIEWS = YES;
				GENERATE_INFOPLIST_FILE = YES;
				INFOPLIST_KEY_UIApplicationSceneManifest_Generation = YES;
				INFOPLIST_KEY_UIApplicationSupportsIndirectInputEvents = YES;
				INFOPLIST_KEY_UILaunchScreen_Generation = YES;
				INFOPLIST_KEY_UISupportedInterfaceOrientations_iPad = "UIInterfaceOrientationPortrait UIInterfaceOrientationPortraitUpsideDown UIInterfaceOrientationLandscapeLeft UIInterfaceOrientationLandscapeRight";
				INFOPLIST_KEY_UISupportedInterfaceOrientations_iPhone = "UIInterfaceOrientationPortrait UIInterfaceOrientationLandscapeLeft UIInterfaceOrientationLandscapeRight";
				LD_RUNPATH_SEARCH_PATHS = (
					"$(inherited)",
					"@executable_path/Frameworks",
				);
				MARKETING_VERSION = 1.0;
				PRODUCT_BUNDLE_IDENTIFIER = com.atharva.Landmarks;
				PRODUCT_NAME = "$(TARGET_NAME)";
				SWIFT_EMIT_LOC_STRINGS = YES;
				SWIFT_VERSION = 5.0;
				TARGETED_DEVICE_FAMILY = "1,2";
			};
			name = Release;
		};
/* End XCBuildConfiguration section */

/* Begin XCConfigurationList section */
		704A9C6B28F60EB000C59B63 /* Build configuration list for PBXProject "Landmarks" */ = {
			isa = XCConfigurationList;
			buildConfigurations = (
				704A9C7C28F60EB100C59B63 /* Debug */,
				704A9C7D28F60EB100C59B63 /* Release */,
			);
			defaultConfigurationIsVisible = 0;
			defaultConfigurationName = Release;
		};
		704A9C7E28F60EB100C59B63 /* Build configuration list for PBXNativeTarget "Landmarks" */ = {
			isa = XCConfigurationList;
			buildConfigurations = (
				704A9C7F28F60EB100C59B63 /* Debug */,
				704A9C8028F60EB100C59B63 /* Release */,
			);
			defaultConfigurationIsVisible = 0;
			defaultConfigurationName = Release;
		};
/* End XCConfigurationList section */
	};
	rootObject = 704A9C6828F60EB000C59B63 /* Project object */;
}
